Microsoft Visual Studio Solution File, Format Version 12.00
# Visual Studio Version 17
VisualStudioVersion = 17.13.35818.85
MinimumVisualStudioVersion = 10.0.40219.1
Project("{FAE04EC0-301F-11D3-BF4B-00C04F79EFBC}") = "GenerardorCertificados", "GenerardorCertificados\GenerardorCertificados.csproj", "{C330650D-4317-4F35-9454-DF3FF5E3B26F}"
EndProject
Global
	GlobalSection(SolutionConfigurationPlatforms) = preSolution
		Debug|Any CPU = Debug|Any CPU
		Release|Any CPU = Release|Any CPU
	EndGlobalSection
	GlobalSection(ProjectConfigurationPlatforms) = postSolution
		{C330650D-4317-4F35-9454-DF3FF5E3B26F}.Debug|Any CPU.ActiveCfg = Debug|Any CPU
		{C330650D-4317-4F35-9454-DF3FF5E3B26F}.Debug|Any CPU.Build.0 = Debug|Any CPU
		{C330650D-4317-4F35-9454-DF3FF5E3B26F}.Release|Any CPU.ActiveCfg = Release|Any CPU
		{C330650D-4317-4F35-9454-DF3FF5E3B26F}.Release|Any CPU.Build.0 = Release|Any CPU
	EndGlobalSection
	GlobalSection(SolutionProperties) = preSolution
		HideSolutionNode = FALSE
	EndGlobalSection
	GlobalSection(ExtensibilityGlobals) = postSolution
		SolutionGuid = {486FC0D9-02CB-4A4D-BD51-85CCE5EEC42B}
	EndGlobalSection
EndGlobal
